
Microsoft Visual Studio Solution File, Format Version 12.00
# Visual Studio 14
VisualStudioVersion = 14.0.25420.1
MinimumVisualStudioVersion = 10.0.40219.1
Project("{8BC9CEB8-8B4A-11D0-8D11-00A0C91BC942}") = "Game", "MonsterChase\MonsterChase.vcxproj", "{7B27B5D8-BD26-4CDD-8FD2-6DE3C4BC8A65}"
	ProjectSection(ProjectDependencies) = postProject
		{FFF3B28C-18BF-49D0-B75C-0975D2E28EE2} = {FFF3B28C-18BF-49D0-B75C-0975D2E28EE2}
	EndProjectSection
EndProject
Project("{8BC9CEB8-8B4A-11D0-8D11-00A0C91BC942}") = "Engine", "Engine\Engine.vcxproj", "{FFF3B28C-18BF-49D0-B75C-0975D2E28EE2}"
EndProject
Global
	GlobalSection(SolutionConfigurationPlatforms) = preSolution
		Debug|x64 = Debug|x64
		Debug|x86 = Debug|x86
		Release|x64 = Release|x64
		Release|x86 = Release|x86
	EndGlobalSection
	GlobalSection(ProjectConfigurationPlatforms) = postSolution
		{7B27B5D8-BD26-4CDD-8FD2-6DE3C4BC8A65}.Debug|x64.ActiveCfg = Debug|x64
		{7B27B5D8-BD26-4CDD-8FD2-6DE3C4BC8A65}.Debug|x64.Build.0 = Debug|x64
		{7B27B5D8-BD26-4CDD-8FD2-6DE3C4BC8A65}.Debug|x86.ActiveCfg = Debug|Win32
		{7B27B5D8-BD26-4CDD-8FD2-6DE3C4BC8A65}.Debug|x86.Build.0 = Debug|Win32
		{7B27B5D8-BD26-4CDD-8FD2-6DE3C4BC8A65}.Release|x64.ActiveCfg = Release|x64
		{7B27B5D8-BD26-4CDD-8FD2-6DE3C4BC8A65}.Release|x64.Build.0 = Release|x64
		{7B27B5D8-BD26-4CDD-8FD2-6DE3C4BC8A65}.Release|x86.ActiveCfg = Release|Win32
		{7B27B5D8-BD26-4CDD-8FD2-6DE3C4BC8A65}.Release|x86.Build.0 = Release|Win32
		{FFF3B28C-18BF-49D0-B75C-0975D2E28EE2}.Debug|x64.ActiveCfg = Debug|x64
		{FFF3B28C-18BF-49D0-B75C-0975D2E28EE2}.Debug|x64.Build.0 = Debug|x64
		{FFF3B28C-18BF-49D0-B75C-0975D2E28EE2}.Debug|x86.ActiveCfg = Debug|Win32
		{FFF3B28C-18BF-49D0-B75C-0975D2E28EE2}.Debug|x86.Build.0 = Debug|Win32
		{FFF3B28C-18BF-49D0-B75C-0975D2E28EE2}.Release|x64.ActiveCfg = Release|x64
		{FFF3B28C-18BF-49D0-B75C-0975D2E28EE2}.Release|x64.Build.0 = Release|x64
		{FFF3B28C-18BF-49D0-B75C-0975D2E28EE2}.Release|x86.ActiveCfg = Release|Win32
		{FFF3B28C-18BF-49D0-B75C-0975D2E28EE2}.Release|x86.Build.0 = Release|Win32
	EndGlobalSection
	GlobalSection(SolutionProperties) = preSolution
		HideSolutionNode = FALSE
	EndGlobalSection
EndGlobal
